{
  "name": "@mdy-docs/mdy-bus",
  "version": "0.1.0",
  "lockfileVersion": 3,
  "requires": true,
  "packages": {
    "": {
      "name": "@mdy-docs/mdy-bus",
      "version": "0.1.0",
      "license": "BSD-2-Clause",
      "dependencies": {
        "@mdy-docs/nisaba-db": "file:../../third_party/nisaba-db",
        "@mdy-docs/sukkal-wasm": "file:../../third_party/sukkal-msg"
      },
      "devDependencies": {
        "mdy-docs": "file:../.."
      }
    },
    "../..": {
      "version": "0.0.1",
      "dev": true,
      "license": "BSD-2-Clause",
      "dependencies": {
        "@jsquash/jpeg": "^1.6.0",
        "@jsquash/png": "^3.1.1",
        "@jsquash/resize": "^2.1.1",
        "@mdy-docs/lamassu-js": "file:third_party/lamassu-js/packages/lamassu-js",
        "@mdy-docs/nisaba-db": "file:third_party/nisaba-db",
        "emoticon": "^4.1.0",
        "gemoji": "^8.1.0",
        "hastscript": "^9.0.1",
        "html-void-elements": "^3.0.0",
        "image-size": "^2.0.2",
        "linkify-it": "^6.1.0",
        "lowlight": "^3.3.0",
        "property-information": "^7.1.0",
        "rehype-raw": "^7.0.0",
        "rehype-stringify": "^10.0.1",
        "remark-gfm": "^4.0.1",
        "remark-github-blockquote-alert": "^2.1.0",
        "remark-parse": "^11.0.0",
        "remark-rehype": "^11.1.2",
        "unified": "^11.0.5",
        "unist-util-visit": "^5.1.0",
        "yaml": "^2.9.0"
      },
      "bin": {
        "mdy": "bin/mdy.js"
      },
      "devDependencies": {
        "@mdy-docs/mdy-bus": "file:packages/mdy-bus",
        "playwright": "^1.61.1"
      }
    },
    "../../third_party/nisaba-db": {
      "name": "@mdy-docs/nisaba-db",
      "version": "1.0.0",
      "license": "BSD-2-Clause",
      "bin": {
        "db": "bin/db.js"
      },
      "devDependencies": {
        "@vitest/browser": "^3.2.4",
        "node-opfs": "^1.2.0",
        "playwright": "^1.49.1",
        "vite": "^7.3.6",
        "vitest": "^3.2.4"
      }
    },
    "../../third_party/sukkal-msg": {
      "name": "@mdy-docs/sukkal-wasm",
      "version": "0.0.0",
      "license": "BSD-2-Clause"
    },
    "node_modules/@mdy-docs/nisaba-db": {
      "resolved": "../../third_party/nisaba-db",
      "link": true
    },
    "node_modules/@mdy-docs/sukkal-wasm": {
      "resolved": "../../third_party/sukkal-msg",
      "link": true
    },
    "node_modules/mdy-docs": {
      "resolved": "../..",
      "link": true
    }
  }
}
